
Microsoft Visual Studio Solution File, Format Version 12.00
# Visual Studio Version 16
VisualStudioVersion = 16.0.30413.136
MinimumVisualStudioVersion = 10.0.40219.1
Project("{FAE04EC0-301F-11D3-BF4B-00C04F79EFBC}") = "LabTAF", "Lab2TAF\LabTAF.csproj", "{67AC4BFA-F3B2-48F9-8A97-417E27B91979}"
EndProject
Project("{FAE04EC0-301F-11D3-BF4B-00C04F79EFBC}") = "LexerLibrary", "LexerLibrary\LexerLibrary.csproj", "{7843A67A-3D8B-4A2F-8B68-C7559270D812}"
EndProject
Global
	GlobalSection(SolutionConfigurationPlatforms) = preSolution
		Debug|Any CPU = Debug|Any CPU
		Release|Any CPU = Release|Any CPU
	EndGlobalSection
	GlobalSection(ProjectConfigurationPlatforms) = postSolution
		{67AC4BFA-F3B2-48F9-8A97-417E27B91979}.Debug|Any CPU.ActiveCfg = Debug|Any CPU
		{67AC4BFA-F3B2-48F9-8A97-417E27B91979}.Debug|Any CPU.Build.0 = Debug|Any CPU
		{67AC4BFA-F3B2-48F9-8A97-417E27B91979}.Release|Any CPU.ActiveCfg = Release|Any CPU
		{67AC4BFA-F3B2-48F9-8A97-417E27B91979}.Release|Any CPU.Build.0 = Release|Any CPU
		{7843A67A-3D8B-4A2F-8B68-C7559270D812}.Debug|Any CPU.ActiveCfg = Debug|Any CPU
		{7843A67A-3D8B-4A2F-8B68-C7559270D812}.Debug|Any CPU.Build.0 = Debug|Any CPU
		{7843A67A-3D8B-4A2F-8B68-C7559270D812}.Release|Any CPU.ActiveCfg = Release|Any CPU
		{7843A67A-3D8B-4A2F-8B68-C7559270D812}.Release|Any CPU.Build.0 = Release|Any CPU
	EndGlobalSection
	GlobalSection(SolutionProperties) = preSolution
		HideSolutionNode = FALSE
	EndGlobalSection
	GlobalSection(ExtensibilityGlobals) = postSolution
		SolutionGuid = {1881F689-22BD-44C9-A194-D17027B609F0}
	EndGlobalSection
EndGlobal
