
Microsoft Visual Studio Solution File, Format Version 12.00
# Visual Studio Version 16
VisualStudioVersion = 16.0.30330.147
MinimumVisualStudioVersion = 10.0.40219.1
Project("{FAE04EC0-301F-11D3-BF4B-00C04F79EFBC}") = "WindowsFormsLab1", "WindowsFormsLab1\WindowsFormsLab1.csproj", "{F5CFBB3A-0DE9-4912-B838-6C0A115AC96A}"
EndProject
Global
	GlobalSection(SolutionConfigurationPlatforms) = preSolution
		Debug|Any CPU = Debug|Any CPU
		Release|Any CPU = Release|Any CPU
	EndGlobalSection
	GlobalSection(ProjectConfigurationPlatforms) = postSolution
		{F5CFBB3A-0DE9-4912-B838-6C0A115AC96A}.Debug|Any CPU.ActiveCfg = Debug|Any CPU
		{F5CFBB3A-0DE9-4912-B838-6C0A115AC96A}.Debug|Any CPU.Build.0 = Debug|Any CPU
		{F5CFBB3A-0DE9-4912-B838-6C0A115AC96A}.Release|Any CPU.ActiveCfg = Release|Any CPU
		{F5CFBB3A-0DE9-4912-B838-6C0A115AC96A}.Release|Any CPU.Build.0 = Release|Any CPU
	EndGlobalSection
	GlobalSection(SolutionProperties) = preSolution
		HideSolutionNode = FALSE
	EndGlobalSection
	GlobalSection(ExtensibilityGlobals) = postSolution
		SolutionGuid = {41613D89-744C-44F9-B34C-9282C48C9F2B}
	EndGlobalSection
EndGlobal
